
Microsoft Visual Studio Solution File, Format Version 12.00
# Visual Studio Version 16
VisualStudioVersion = 16.0.31911.196
MinimumVisualStudioVersion = 10.0.40219.1
Project("{FAE04EC0-301F-11D3-BF4B-00C04F79EFBC}") = "ApFrameworkLite", "ApFrameworkLite.csproj", "{70CE3792-E7E2-4A6F-9D76-03B4EC01EE6F}"
EndProject
Project("{FAE04EC0-301F-11D3-BF4B-00C04F79EFBC}") = "ApFrameworkLiteTests", "..\ApFrameworkLiteTests\ApFrameworkLiteTests.csproj", "{2DD3FF2E-A7EF-47C4-87E8-45BFECA9EB66}"
EndProject
Global
	GlobalSection(SolutionConfigurationPlatforms) = preSolution
		Debug|Any CPU = Debug|Any CPU
		Release|Any CPU = Release|Any CPU
	EndGlobalSection
	GlobalSection(ProjectConfigurationPlatforms) = postSolution
		{70CE3792-E7E2-4A6F-9D76-03B4EC01EE6F}.Debug|Any CPU.ActiveCfg = Debug|Any CPU
		{70CE3792-E7E2-4A6F-9D76-03B4EC01EE6F}.Debug|Any CPU.Build.0 = Debug|Any CPU
		{70CE3792-E7E2-4A6F-9D76-03B4EC01EE6F}.Release|Any CPU.ActiveCfg = Release|Any CPU
		{70CE3792-E7E2-4A6F-9D76-03B4EC01EE6F}.Release|Any CPU.Build.0 = Release|Any CPU
		{2DD3FF2E-A7EF-47C4-87E8-45BFECA9EB66}.Debug|Any CPU.ActiveCfg = Debug|Any CPU
		{2DD3FF2E-A7EF-47C4-87E8-45BFECA9EB66}.Debug|Any CPU.Build.0 = Debug|Any CPU
		{2DD3FF2E-A7EF-47C4-87E8-45BFECA9EB66}.Release|Any CPU.ActiveCfg = Release|Any CPU
		{2DD3FF2E-A7EF-47C4-87E8-45BFECA9EB66}.Release|Any CPU.Build.0 = Release|Any CPU
	EndGlobalSection
	GlobalSection(SolutionProperties) = preSolution
		HideSolutionNode = FALSE
	EndGlobalSection
	GlobalSection(ExtensibilityGlobals) = postSolution
		SolutionGuid = {A304E9B5-27C6-4863-B999-809CB9F0B8A2}
	EndGlobalSection
EndGlobal
